
Microsoft Visual Studio Solution File, Format Version 12.00
# Visual Studio 15
VisualStudioVersion = 15.0.27130.2027
MinimumVisualStudioVersion = 10.0.40219.1
Project("{8BC9CEB8-8B4A-11D0-8D11-00A0C91BC942}") = "Cliente", "Cliente\Cliente.vcxproj", "{66C68CF7-F7CC-4020-B624-F4F87FF408DD}"
EndProject
Project("{8BC9CEB8-8B4A-11D0-8D11-00A0C91BC942}") = "Server", "Server\Server.vcxproj", "{52151AD9-3F28-49D2-8FC1-A4B2B810DB35}"
EndProject
Project("{2150E333-8FDC-42A3-9474-1A3956D46DE8}") = "P2P", "P2P", "{9B14B6D8-B155-449D-9F89-44555F8FB383}"
EndProject
Project("{2150E333-8FDC-42A3-9474-1A3956D46DE8}") = "Client-Server", "Client-Server", "{A018716C-705B-4A17-9017-072D4DB4CE45}"
EndProject
Project("{8BC9CEB8-8B4A-11D0-8D11-00A0C91BC942}") = "Bootstrap", "Bootstrap\Bootstrap.vcxproj", "{0C60BFFC-96DA-4F75-9B88-0C9A373267C3}"
EndProject
Project("{8BC9CEB8-8B4A-11D0-8D11-00A0C91BC942}") = "Peer", "Peer\Peer.vcxproj", "{2FD3306E-8CA1-47A8-852C-D218A312EB48}"
EndProject
Global
	GlobalSection(SolutionConfigurationPlatforms) = preSolution
		Debug|x64 = Debug|x64
		Debug|x86 = Debug|x86
		Release|x64 = Release|x64
		Release|x86 = Release|x86
	EndGlobalSection
	GlobalSection(ProjectConfigurationPlatforms) = postSolution
		{66C68CF7-F7CC-4020-B624-F4F87FF408DD}.Debug|x64.ActiveCfg = Debug|x64
		{66C68CF7-F7CC-4020-B624-F4F87FF408DD}.Debug|x64.Build.0 = Debug|x64
		{66C68CF7-F7CC-4020-B624-F4F87FF408DD}.Debug|x86.ActiveCfg = Debug|Win32
		{66C68CF7-F7CC-4020-B624-F4F87FF408DD}.Debug|x86.Build.0 = Debug|Win32
		{66C68CF7-F7CC-4020-B624-F4F87FF408DD}.Release|x64.ActiveCfg = Release|x64
		{66C68CF7-F7CC-4020-B624-F4F87FF408DD}.Release|x64.Build.0 = Release|x64
		{66C68CF7-F7CC-4020-B624-F4F87FF408DD}.Release|x86.ActiveCfg = Release|Win32
		{66C68CF7-F7CC-4020-B624-F4F87FF408DD}.Release|x86.Build.0 = Release|Win32
		{52151AD9-3F28-49D2-8FC1-A4B2B810DB35}.Debug|x64.ActiveCfg = Debug|x64
		{52151AD9-3F28-49D2-8FC1-A4B2B810DB35}.Debug|x64.Build.0 = Debug|x64
		{52151AD9-3F28-49D2-8FC1-A4B2B810DB35}.Debug|x86.ActiveCfg = Debug|Win32
		{52151AD9-3F28-49D2-8FC1-A4B2B810DB35}.Debug|x86.Build.0 = Debug|Win32
		{52151AD9-3F28-49D2-8FC1-A4B2B810DB35}.Release|x64.ActiveCfg = Release|x64
		{52151AD9-3F28-49D2-8FC1-A4B2B810DB35}.Release|x64.Build.0 = Release|x64
		{52151AD9-3F28-49D2-8FC1-A4B2B810DB35}.Release|x86.ActiveCfg = Release|Win32
		{52151AD9-3F28-49D2-8FC1-A4B2B810DB35}.Release|x86.Build.0 = Release|Win32
		{0C60BFFC-96DA-4F75-9B88-0C9A373267C3}.Debug|x64.ActiveCfg = Debug|x64
		{0C60BFFC-96DA-4F75-9B88-0C9A373267C3}.Debug|x64.Build.0 = Debug|x64
		{0C60BFFC-96DA-4F75-9B88-0C9A373267C3}.Debug|x86.ActiveCfg = Debug|Win32
		{0C60BFFC-96DA-4F75-9B88-0C9A373267C3}.Debug|x86.Build.0 = Debug|Win32
		{0C60BFFC-96DA-4F75-9B88-0C9A373267C3}.Release|x64.ActiveCfg = Release|x64
		{0C60BFFC-96DA-4F75-9B88-0C9A373267C3}.Release|x64.Build.0 = Release|x64
		{0C60BFFC-96DA-4F75-9B88-0C9A373267C3}.Release|x86.ActiveCfg = Release|Win32
		{0C60BFFC-96DA-4F75-9B88-0C9A373267C3}.Release|x86.Build.0 = Release|Win32
		{2FD3306E-8CA1-47A8-852C-D218A312EB48}.Debug|x64.ActiveCfg = Debug|x64
		{2FD3306E-8CA1-47A8-852C-D218A312EB48}.Debug|x64.Build.0 = Debug|x64
		{2FD3306E-8CA1-47A8-852C-D218A312EB48}.Debug|x86.ActiveCfg = Debug|Win32
		{2FD3306E-8CA1-47A8-852C-D218A312EB48}.Debug|x86.Build.0 = Debug|Win32
		{2FD3306E-8CA1-47A8-852C-D218A312EB48}.Release|x64.ActiveCfg = Release|x64
		{2FD3306E-8CA1-47A8-852C-D218A312EB48}.Release|x64.Build.0 = Release|x64
		{2FD3306E-8CA1-47A8-852C-D218A312EB48}.Release|x86.ActiveCfg = Release|Win32
		{2FD3306E-8CA1-47A8-852C-D218A312EB48}.Release|x86.Build.0 = Release|Win32
	EndGlobalSection
	GlobalSection(SolutionProperties) = preSolution
		HideSolutionNode = FALSE
	EndGlobalSection
	GlobalSection(NestedProjects) = preSolution
		{66C68CF7-F7CC-4020-B624-F4F87FF408DD} = {A018716C-705B-4A17-9017-072D4DB4CE45}
		{52151AD9-3F28-49D2-8FC1-A4B2B810DB35} = {A018716C-705B-4A17-9017-072D4DB4CE45}
		{0C60BFFC-96DA-4F75-9B88-0C9A373267C3} = {9B14B6D8-B155-449D-9F89-44555F8FB383}
		{2FD3306E-8CA1-47A8-852C-D218A312EB48} = {9B14B6D8-B155-449D-9F89-44555F8FB383}
	EndGlobalSection
	GlobalSection(ExtensibilityGlobals) = postSolution
		SolutionGuid = {E61876F9-675A-4A0E-B353-BAA2BFEFA92A}
	EndGlobalSection
EndGlobal
