
Microsoft Visual Studio Solution File, Format Version 12.00
# Visual Studio 15
VisualStudioVersion = 15.0.27130.2027
MinimumVisualStudioVersion = 10.0.40219.1
Project("{8BC9CEB8-8B4A-11D0-8D11-00A0C91BC942}") = "Cliente", "Cliente\Cliente.vcxproj", "{66C68CF7-F7CC-4020-B624-F4F87FF408DD}"
EndProject
Project("{8BC9CEB8-8B4A-11D0-8D11-00A0C91BC942}") = "Server", "Server\Server.vcxproj", "{52151AD9-3F28-49D2-8FC1-A4B2B810DB35}"
EndProject
Project("{2150E333-8FDC-42A3-9474-1A3956D46DE8}") = "P2P", "P2P", "{9B14B6D8-B155-449D-9F89-44555F8FB383}"
EndProject
Project("{8BC9CEB8-8B4A-11D0-8D11-00A0C91BC942}") = "Peer", "..\Bingo P2P\Cliente\Cliente.vcxproj", "{49936651-5BAC-472F-9266-852EF5BC2D32}"
EndProject
Project("{8BC9CEB8-8B4A-11D0-8D11-00A0C91BC942}") = "Bootstrap", "..\Bingo P2P\Server\Server.vcxproj", "{BBDFC524-CF0E-4245-B169-E53290460C50}"
EndProject
Project("{2150E333-8FDC-42A3-9474-1A3956D46DE8}") = "Client-Server", "Client-Server", "{A018716C-705B-4A17-9017-072D4DB4CE45}"
EndProject
Global
	GlobalSection(SolutionConfigurationPlatforms) = preSolution
		Debug|x64 = Debug|x64
		Debug|x86 = Debug|x86
		Release|x64 = Release|x64
		Release|x86 = Release|x86
	EndGlobalSection
	GlobalSection(ProjectConfigurationPlatforms) = postSolution
		{66C68CF7-F7CC-4020-B624-F4F87FF408DD}.Debug|x64.ActiveCfg = Debug|x64
		{66C68CF7-F7CC-4020-B624-F4F87FF408DD}.Debug|x64.Build.0 = Debug|x64
		{66C68CF7-F7CC-4020-B624-F4F87FF408DD}.Debug|x86.ActiveCfg = Debug|Win32
		{66C68CF7-F7CC-4020-B624-F4F87FF408DD}.Debug|x86.Build.0 = Debug|Win32
		{66C68CF7-F7CC-4020-B624-F4F87FF408DD}.Release|x64.ActiveCfg = Release|x64
		{66C68CF7-F7CC-4020-B624-F4F87FF408DD}.Release|x64.Build.0 = Release|x64
		{66C68CF7-F7CC-4020-B624-F4F87FF408DD}.Release|x86.ActiveCfg = Release|Win32
		{66C68CF7-F7CC-4020-B624-F4F87FF408DD}.Release|x86.Build.0 = Release|Win32
		{52151AD9-3F28-49D2-8FC1-A4B2B810DB35}.Debug|x64.ActiveCfg = Debug|x64
		{52151AD9-3F28-49D2-8FC1-A4B2B810DB35}.Debug|x64.Build.0 = Debug|x64
		{52151AD9-3F28-49D2-8FC1-A4B2B810DB35}.Debug|x86.ActiveCfg = Debug|Win32
		{52151AD9-3F28-49D2-8FC1-A4B2B810DB35}.Debug|x86.Build.0 = Debug|Win32
		{52151AD9-3F28-49D2-8FC1-A4B2B810DB35}.Release|x64.ActiveCfg = Release|x64
		{52151AD9-3F28-49D2-8FC1-A4B2B810DB35}.Release|x64.Build.0 = Release|x64
		{52151AD9-3F28-49D2-8FC1-A4B2B810DB35}.Release|x86.ActiveCfg = Release|Win32
		{52151AD9-3F28-49D2-8FC1-A4B2B810DB35}.Release|x86.Build.0 = Release|Win32
		{49936651-5BAC-472F-9266-852EF5BC2D32}.Debug|x64.ActiveCfg = Debug|x64
		{49936651-5BAC-472F-9266-852EF5BC2D32}.Debug|x64.Build.0 = Debug|x64
		{49936651-5BAC-472F-9266-852EF5BC2D32}.Debug|x86.ActiveCfg = Debug|Win32
		{49936651-5BAC-472F-9266-852EF5BC2D32}.Debug|x86.Build.0 = Debug|Win32
		{49936651-5BAC-472F-9266-852EF5BC2D32}.Release|x64.ActiveCfg = Release|x64
		{49936651-5BAC-472F-9266-852EF5BC2D32}.Release|x64.Build.0 = Release|x64
		{49936651-5BAC-472F-9266-852EF5BC2D32}.Release|x86.ActiveCfg = Release|Win32
		{49936651-5BAC-472F-9266-852EF5BC2D32}.Release|x86.Build.0 = Release|Win32
		{BBDFC524-CF0E-4245-B169-E53290460C50}.Debug|x64.ActiveCfg = Debug|x64
		{BBDFC524-CF0E-4245-B169-E53290460C50}.Debug|x64.Build.0 = Debug|x64
		{BBDFC524-CF0E-4245-B169-E53290460C50}.Debug|x86.ActiveCfg = Debug|Win32
		{BBDFC524-CF0E-4245-B169-E53290460C50}.Debug|x86.Build.0 = Debug|Win32
		{BBDFC524-CF0E-4245-B169-E53290460C50}.Release|x64.ActiveCfg = Release|x64
		{BBDFC524-CF0E-4245-B169-E53290460C50}.Release|x64.Build.0 = Release|x64
		{BBDFC524-CF0E-4245-B169-E53290460C50}.Release|x86.ActiveCfg = Release|Win32
		{BBDFC524-CF0E-4245-B169-E53290460C50}.Release|x86.Build.0 = Release|Win32
	EndGlobalSection
	GlobalSection(SolutionProperties) = preSolution
		HideSolutionNode = FALSE
	EndGlobalSection
	GlobalSection(NestedProjects) = preSolution
		{66C68CF7-F7CC-4020-B624-F4F87FF408DD} = {A018716C-705B-4A17-9017-072D4DB4CE45}
		{52151AD9-3F28-49D2-8FC1-A4B2B810DB35} = {A018716C-705B-4A17-9017-072D4DB4CE45}
		{49936651-5BAC-472F-9266-852EF5BC2D32} = {9B14B6D8-B155-449D-9F89-44555F8FB383}
		{BBDFC524-CF0E-4245-B169-E53290460C50} = {9B14B6D8-B155-449D-9F89-44555F8FB383}
	EndGlobalSection
	GlobalSection(ExtensibilityGlobals) = postSolution
		SolutionGuid = {E61876F9-675A-4A0E-B353-BAA2BFEFA92A}
	EndGlobalSection
EndGlobal
